
Microsoft Visual Studio Solution File, Format Version 12.00
# Visual Studio Version 17
VisualStudioVersion = 17.9.34728.123
MinimumVisualStudioVersion = 10.0.40219.1
Project("{9A19103F-16F7-4668-BE54-9A1E7A4F7556}") = "Game2_5D", "Game2_5D\Game2_5D.csproj", "{3C884D27-7917-49C3-895A-2D7C899AD9CD}"
EndProject
Project("{9A19103F-16F7-4668-BE54-9A1E7A4F7556}") = "MapLib", "MapLib\MapLib.csproj", "{4601A374-4850-4B05-86B4-0951A14055BA}"
EndProject
Project("{9A19103F-16F7-4668-BE54-9A1E7A4F7556}") = "ScreenLib", "ScreenLib\ScreenLib.csproj", "{EC955E47-3FFB-4586-82C4-C87539597AFB}"
EndProject
Project("{9A19103F-16F7-4668-BE54-9A1E7A4F7556}") = "EntityLib", "EntityLib\EntityLib.csproj", "{B913F091-79E4-46BE-ADB7-76C261F7D72C}"
EndProject
Project("{9A19103F-16F7-4668-BE54-9A1E7A4F7556}") = "ControlLib", "ControlLib\ControlLib.csproj", "{9EFAF568-598D-4806-9B4B-510EE56B05B6}"
EndProject
Project("{9A19103F-16F7-4668-BE54-9A1E7A4F7556}") = "RenderLib", "RenderLib\RenderLib.csproj", "{87BAE9E3-3AC9-40C1-BCAE-B018AC9EB53F}"
EndProject
Project("{9A19103F-16F7-4668-BE54-9A1E7A4F7556}") = "FpsLib", "FpsLib\FpsLib.csproj", "{584FD4D7-9545-45BF-8F12-0CD802C918EB}"
EndProject
Project("{9A19103F-16F7-4668-BE54-9A1E7A4F7556}") = "ObstacleLib", "ObstacleLib\ObstacleLib.csproj", "{4AD79136-1481-42CA-B48F-A78B57925ADD}"
EndProject
Project("{FAE04EC0-301F-11D3-BF4B-00C04F79EFBC}") = "Render", "Render\Render.csproj", "{A62B5B87-5882-4A32-84BD-F19FBAED1B7D}"
EndProject
Global
	GlobalSection(SolutionConfigurationPlatforms) = preSolution
		Debug|Any CPU = Debug|Any CPU
		Release|Any CPU = Release|Any CPU
	EndGlobalSection
	GlobalSection(ProjectConfigurationPlatforms) = postSolution
		{3C884D27-7917-49C3-895A-2D7C899AD9CD}.Debug|Any CPU.ActiveCfg = Debug|Any CPU
		{3C884D27-7917-49C3-895A-2D7C899AD9CD}.Debug|Any CPU.Build.0 = Debug|Any CPU
		{3C884D27-7917-49C3-895A-2D7C899AD9CD}.Release|Any CPU.ActiveCfg = Release|Any CPU
		{3C884D27-7917-49C3-895A-2D7C899AD9CD}.Release|Any CPU.Build.0 = Release|Any CPU
		{4601A374-4850-4B05-86B4-0951A14055BA}.Debug|Any CPU.ActiveCfg = Debug|Any CPU
		{4601A374-4850-4B05-86B4-0951A14055BA}.Debug|Any CPU.Build.0 = Debug|Any CPU
		{4601A374-4850-4B05-86B4-0951A14055BA}.Release|Any CPU.ActiveCfg = Release|Any CPU
		{4601A374-4850-4B05-86B4-0951A14055BA}.Release|Any CPU.Build.0 = Release|Any CPU
		{EC955E47-3FFB-4586-82C4-C87539597AFB}.Debug|Any CPU.ActiveCfg = Debug|Any CPU
		{EC955E47-3FFB-4586-82C4-C87539597AFB}.Debug|Any CPU.Build.0 = Debug|Any CPU
		{EC955E47-3FFB-4586-82C4-C87539597AFB}.Release|Any CPU.ActiveCfg = Release|Any CPU
		{EC955E47-3FFB-4586-82C4-C87539597AFB}.Release|Any CPU.Build.0 = Release|Any CPU
		{B913F091-79E4-46BE-ADB7-76C261F7D72C}.Debug|Any CPU.ActiveCfg = Debug|Any CPU
		{B913F091-79E4-46BE-ADB7-76C261F7D72C}.Debug|Any CPU.Build.0 = Debug|Any CPU
		{B913F091-79E4-46BE-ADB7-76C261F7D72C}.Release|Any CPU.ActiveCfg = Release|Any CPU
		{B913F091-79E4-46BE-ADB7-76C261F7D72C}.Release|Any CPU.Build.0 = Release|Any CPU
		{9EFAF568-598D-4806-9B4B-510EE56B05B6}.Debug|Any CPU.ActiveCfg = Debug|Any CPU
		{9EFAF568-598D-4806-9B4B-510EE56B05B6}.Debug|Any CPU.Build.0 = Debug|Any CPU
		{9EFAF568-598D-4806-9B4B-510EE56B05B6}.Release|Any CPU.ActiveCfg = Release|Any CPU
		{9EFAF568-598D-4806-9B4B-510EE56B05B6}.Release|Any CPU.Build.0 = Release|Any CPU
		{87BAE9E3-3AC9-40C1-BCAE-B018AC9EB53F}.Debug|Any CPU.ActiveCfg = Debug|Any CPU
		{87BAE9E3-3AC9-40C1-BCAE-B018AC9EB53F}.Debug|Any CPU.Build.0 = Debug|Any CPU
		{87BAE9E3-3AC9-40C1-BCAE-B018AC9EB53F}.Release|Any CPU.ActiveCfg = Release|Any CPU
		{87BAE9E3-3AC9-40C1-BCAE-B018AC9EB53F}.Release|Any CPU.Build.0 = Release|Any CPU
		{584FD4D7-9545-45BF-8F12-0CD802C918EB}.Debug|Any CPU.ActiveCfg = Debug|Any CPU
		{584FD4D7-9545-45BF-8F12-0CD802C918EB}.Debug|Any CPU.Build.0 = Debug|Any CPU
		{584FD4D7-9545-45BF-8F12-0CD802C918EB}.Release|Any CPU.ActiveCfg = Release|Any CPU
		{584FD4D7-9545-45BF-8F12-0CD802C918EB}.Release|Any CPU.Build.0 = Release|Any CPU
		{4AD79136-1481-42CA-B48F-A78B57925ADD}.Debug|Any CPU.ActiveCfg = Debug|Any CPU
		{4AD79136-1481-42CA-B48F-A78B57925ADD}.Debug|Any CPU.Build.0 = Debug|Any CPU
		{4AD79136-1481-42CA-B48F-A78B57925ADD}.Release|Any CPU.ActiveCfg = Release|Any CPU
		{4AD79136-1481-42CA-B48F-A78B57925ADD}.Release|Any CPU.Build.0 = Release|Any CPU
		{A62B5B87-5882-4A32-84BD-F19FBAED1B7D}.Debug|Any CPU.ActiveCfg = Debug|Any CPU
		{A62B5B87-5882-4A32-84BD-F19FBAED1B7D}.Debug|Any CPU.Build.0 = Debug|Any CPU
		{A62B5B87-5882-4A32-84BD-F19FBAED1B7D}.Release|Any CPU.ActiveCfg = Release|Any CPU
		{A62B5B87-5882-4A32-84BD-F19FBAED1B7D}.Release|Any CPU.Build.0 = Release|Any CPU
	EndGlobalSection
	GlobalSection(SolutionProperties) = preSolution
		HideSolutionNode = FALSE
	EndGlobalSection
	GlobalSection(ExtensibilityGlobals) = postSolution
		SolutionGuid = {674455B2-4847-4F14-BD3B-CF38EAA6C533}
	EndGlobalSection
EndGlobal
